speakeasyVersion: 1.761.1
sources:
    BeReach API:
        sourceNamespace: be-reach-api
        sourceRevisionDigest: sha256:1f27f26a3cc9d84ed8d6179bb2a30030b890a118f3a1c4142d6cfa7eeb35aa10
        sourceBlobDigest: sha256:bd1b77b571bae95fd7da9c1b08bc1e12f52745b034513b0a1dee396430a57f74
        tags:
            - latest
            - 1.5.0
targets:
    bereach:
        source: BeReach API
        sourceNamespace: be-reach-api
        sourceRevisionDigest: sha256:1f27f26a3cc9d84ed8d6179bb2a30030b890a118f3a1c4142d6cfa7eeb35aa10
        sourceBlobDigest: sha256:bd1b77b571bae95fd7da9c1b08bc1e12f52745b034513b0a1dee396430a57f74
        codeSamplesNamespace: be-reach-api-typescript-code-samples
        codeSamplesRevisionDigest: sha256:02e6e43fd2367d42b6426124485575d787800f8fc3773cfd6c024fafba40acdc
workflow:
    workflowVersion: 1.0.0
    speakeasyVersion: latest
    sources:
        BeReach API:
            inputs:
                - location: https://api.berea.ch
            output: .speakeasy/out.openapi.yaml
            registry:
                location: registry.speakeasyapi.dev/bereach-h29/bereach/be-reach-api
    targets:
        bereach:
            target: typescript
            source: BeReach API
            publish:
                npm:
                    token: $npm_token
            codeSamples:
                registry:
                    location: registry.speakeasyapi.dev/bereach-h29/bereach/be-reach-api-typescript-code-samples
                labelOverride:
                    fixedValue: Typescript (SDK)
                blocking: false
